
Microsoft Visual Studio Solution File, Format Version 12.00
# Visual Studio Version 16
VisualStudioVersion = 16.0.30503.244
MinimumVisualStudioVersion = 10.0.40219.1
Project("{9A19103F-16F7-4668-BE54-9A1E7A4F7556}") = "UserRegistrationProblem", "UserRegistrationProblem.csproj", "{1E3098F8-2EA8-484A-A968-941B92AE5A90}"
EndProject
Project("{9A19103F-16F7-4668-BE54-9A1E7A4F7556}") = "UserRegistrationTesting", "..\UserRegistrationTesting\UserRegistrationTesting.csproj", "{993FF441-7BB4-4DB8-9D37-17EE0F03B0F1}"
EndProject
Global
	GlobalSection(SolutionConfigurationPlatforms) = preSolution
		Debug|Any CPU = Debug|Any CPU
		Release|Any CPU = Release|Any CPU
	EndGlobalSection
	GlobalSection(ProjectConfigurationPlatforms) = postSolution
		{1E3098F8-2EA8-484A-A968-941B92AE5A90}.Debug|Any CPU.ActiveCfg = Debug|Any CPU
		{1E3098F8-2EA8-484A-A968-941B92AE5A90}.Debug|Any CPU.Build.0 = Debug|Any CPU
		{1E3098F8-2EA8-484A-A968-941B92AE5A90}.Release|Any CPU.ActiveCfg = Release|Any CPU
		{1E3098F8-2EA8-484A-A968-941B92AE5A90}.Release|Any CPU.Build.0 = Release|Any CPU
		{993FF441-7BB4-4DB8-9D37-17EE0F03B0F1}.Debug|Any CPU.ActiveCfg = Debug|Any CPU
		{993FF441-7BB4-4DB8-9D37-17EE0F03B0F1}.Debug|Any CPU.Build.0 = Debug|Any CPU
		{993FF441-7BB4-4DB8-9D37-17EE0F03B0F1}.Release|Any CPU.ActiveCfg = Release|Any CPU
		{993FF441-7BB4-4DB8-9D37-17EE0F03B0F1}.Release|Any CPU.Build.0 = Release|Any CPU
	EndGlobalSection
	GlobalSection(SolutionProperties) = preSolution
		HideSolutionNode = FALSE
	EndGlobalSection
	GlobalSection(ExtensibilityGlobals) = postSolution
		SolutionGuid = {8C6616A3-30F5-4CEF-AC08-2DC48C62B0A8}
	EndGlobalSection
EndGlobal
